
Microsoft Visual Studio Solution File, Format Version 12.00
# Visual Studio 15
VisualStudioVersion = 15.0.27130.2010
MinimumVisualStudioVersion = 10.0.40219.1
Project("{FAE04EC0-301F-11D3-BF4B-00C04F79EFBC}") = "CapaPresentacion", "CapaPresentacion\CapaPresentacion.csproj", "{038230AA-51BA-422D-A61A-A88D7EFDCB32}"
EndProject
Project("{FAE04EC0-301F-11D3-BF4B-00C04F79EFBC}") = "CapaAccesoDatos", "CapaAccesoDatos\CapaAccesoDatos.csproj", "{B282AC90-4324-4D51-AF55-CEC01099CFD0}"
EndProject
Project("{FAE04EC0-301F-11D3-BF4B-00C04F79EFBC}") = "CapaEntidades", "CapaEntidades\CapaEntidades.csproj", "{98BC8DEA-6273-4F21-A728-8321CB4787BC}"
EndProject
Project("{FAE04EC0-301F-11D3-BF4B-00C04F79EFBC}") = "CapaLogicaNegocio", "CapaLogicaNegocio\CapaLogicaNegocio.csproj", "{41BC4486-C7DA-45EB-B100-764D2DAE53C3}"
EndProject
Global
	GlobalSection(SolutionConfigurationPlatforms) = preSolution
		Debug|Any CPU = Debug|Any CPU
		Release|Any CPU = Release|Any CPU
	EndGlobalSection
	GlobalSection(ProjectConfigurationPlatforms) = postSolution
		{038230AA-51BA-422D-A61A-A88D7EFDCB32}.Debug|Any CPU.ActiveCfg = Debug|Any CPU
		{038230AA-51BA-422D-A61A-A88D7EFDCB32}.Debug|Any CPU.Build.0 = Debug|Any CPU
		{038230AA-51BA-422D-A61A-A88D7EFDCB32}.Release|Any CPU.ActiveCfg = Release|Any CPU
		{038230AA-51BA-422D-A61A-A88D7EFDCB32}.Release|Any CPU.Build.0 = Release|Any CPU
		{B282AC90-4324-4D51-AF55-CEC01099CFD0}.Debug|Any CPU.ActiveCfg = Debug|Any CPU
		{B282AC90-4324-4D51-AF55-CEC01099CFD0}.Debug|Any CPU.Build.0 = Debug|Any CPU
		{B282AC90-4324-4D51-AF55-CEC01099CFD0}.Release|Any CPU.ActiveCfg = Release|Any CPU
		{B282AC90-4324-4D51-AF55-CEC01099CFD0}.Release|Any CPU.Build.0 = Release|Any CPU
		{98BC8DEA-6273-4F21-A728-8321CB4787BC}.Debug|Any CPU.ActiveCfg = Debug|Any CPU
		{98BC8DEA-6273-4F21-A728-8321CB4787BC}.Debug|Any CPU.Build.0 = Debug|Any CPU
		{98BC8DEA-6273-4F21-A728-8321CB4787BC}.Release|Any CPU.ActiveCfg = Release|Any CPU
		{98BC8DEA-6273-4F21-A728-8321CB4787BC}.Release|Any CPU.Build.0 = Release|Any CPU
		{41BC4486-C7DA-45EB-B100-764D2DAE53C3}.Debug|Any CPU.ActiveCfg = Debug|Any CPU
		{41BC4486-C7DA-45EB-B100-764D2DAE53C3}.Debug|Any CPU.Build.0 = Debug|Any CPU
		{41BC4486-C7DA-45EB-B100-764D2DAE53C3}.Release|Any CPU.ActiveCfg = Release|Any CPU
		{41BC4486-C7DA-45EB-B100-764D2DAE53C3}.Release|Any CPU.Build.0 = Release|Any CPU
	EndGlobalSection
	GlobalSection(SolutionProperties) = preSolution
		HideSolutionNode = FALSE
	EndGlobalSection
	GlobalSection(ExtensibilityGlobals) = postSolution
		SolutionGuid = {F26C35A2-032A-4F76-A33D-196FA8734EBB}
	EndGlobalSection
EndGlobal
